
Microsoft Visual Studio Solution File, Format Version 12.00
# Visual Studio Version 17
VisualStudioVersion = 17.9.34616.47
MinimumVisualStudioVersion = 10.0.40219.1
Project("{FAE04EC0-301F-11D3-BF4B-00C04F79EFBC}") = "Load_Database", "WindowsFormsApp1\Load_Database.csproj", "{70FDF75C-0AAC-4E21-86CA-FC006CC14EBC}"
EndProject
Global
	GlobalSection(SolutionConfigurationPlatforms) = preSolution
		Debug|Any CPU = Debug|Any CPU
		Release|Any CPU = Release|Any CPU
	EndGlobalSection
	GlobalSection(ProjectConfigurationPlatforms) = postSolution
		{70FDF75C-0AAC-4E21-86CA-FC006CC14EBC}.Debug|Any CPU.ActiveCfg = Debug|Any CPU
		{70FDF75C-0AAC-4E21-86CA-FC006CC14EBC}.Debug|Any CPU.Build.0 = Debug|Any CPU
		{70FDF75C-0AAC-4E21-86CA-FC006CC14EBC}.Release|Any CPU.ActiveCfg = Release|Any CPU
		{70FDF75C-0AAC-4E21-86CA-FC006CC14EBC}.Release|Any CPU.Build.0 = Release|Any CPU
	EndGlobalSection
	GlobalSection(SolutionProperties) = preSolution
		HideSolutionNode = FALSE
	EndGlobalSection
	GlobalSection(ExtensibilityGlobals) = postSolution
		SolutionGuid = {642401A3-CD67-4860-B52D-073FCBEFAD03}
	EndGlobalSection
EndGlobal
