
Microsoft Visual Studio Solution File, Format Version 12.00
# Visual Studio Version 17
VisualStudioVersion = 17.9.34622.214
MinimumVisualStudioVersion = 10.0.40219.1
Project("{FAE04EC0-301F-11D3-BF4B-00C04F79EFBC}") = "TCP_server", "HMee_TCP\TCP_server.csproj", "{D8810C21-132E-4A9A-B10F-BBD6A3EF6F2B}"
EndProject
Project("{FAE04EC0-301F-11D3-BF4B-00C04F79EFBC}") = "TCP_Client", "TCP_Client\TCP_Client.csproj", "{F71240E1-A346-4184-BD9A-744D9357EAC1}"
EndProject
Global
	GlobalSection(SolutionConfigurationPlatforms) = preSolution
		Debug|Any CPU = Debug|Any CPU
		Release|Any CPU = Release|Any CPU
	EndGlobalSection
	GlobalSection(ProjectConfigurationPlatforms) = postSolution
		{D8810C21-132E-4A9A-B10F-BBD6A3EF6F2B}.Debug|Any CPU.ActiveCfg = Debug|Any CPU
		{D8810C21-132E-4A9A-B10F-BBD6A3EF6F2B}.Debug|Any CPU.Build.0 = Debug|Any CPU
		{D8810C21-132E-4A9A-B10F-BBD6A3EF6F2B}.Release|Any CPU.ActiveCfg = Release|Any CPU
		{D8810C21-132E-4A9A-B10F-BBD6A3EF6F2B}.Release|Any CPU.Build.0 = Release|Any CPU
		{F71240E1-A346-4184-BD9A-744D9357EAC1}.Debug|Any CPU.ActiveCfg = Debug|Any CPU
		{F71240E1-A346-4184-BD9A-744D9357EAC1}.Debug|Any CPU.Build.0 = Debug|Any CPU
		{F71240E1-A346-4184-BD9A-744D9357EAC1}.Release|Any CPU.ActiveCfg = Release|Any CPU
		{F71240E1-A346-4184-BD9A-744D9357EAC1}.Release|Any CPU.Build.0 = Release|Any CPU
	EndGlobalSection
	GlobalSection(SolutionProperties) = preSolution
		HideSolutionNode = FALSE
	EndGlobalSection
	GlobalSection(ExtensibilityGlobals) = postSolution
		SolutionGuid = {140DF883-DEF2-43DD-861B-B65DFDAD9826}
	EndGlobalSection
EndGlobal
