
Microsoft Visual Studio Solution File, Format Version 12.00
# Visual Studio Version 17
VisualStudioVersion = 17.9.34616.47
MinimumVisualStudioVersion = 10.0.40219.1
Project("{9A19103F-16F7-4668-BE54-9A1E7A4F7556}") = "Lab2", "Lab_2\Lab2.csproj", "{F9BA988D-15DE-42D6-A40C-869B1A83F3D0}"
EndProject
Global
	GlobalSection(SolutionConfigurationPlatforms) = preSolution
		Debug|Any CPU = Debug|Any CPU
		Release|Any CPU = Release|Any CPU
	EndGlobalSection
	GlobalSection(ProjectConfigurationPlatforms) = postSolution
		{F9BA988D-15DE-42D6-A40C-869B1A83F3D0}.Debug|Any CPU.ActiveCfg = Debug|Any CPU
		{F9BA988D-15DE-42D6-A40C-869B1A83F3D0}.Debug|Any CPU.Build.0 = Debug|Any CPU
		{F9BA988D-15DE-42D6-A40C-869B1A83F3D0}.Release|Any CPU.ActiveCfg = Release|Any CPU
		{F9BA988D-15DE-42D6-A40C-869B1A83F3D0}.Release|Any CPU.Build.0 = Release|Any CPU
	EndGlobalSection
	GlobalSection(SolutionProperties) = preSolution
		HideSolutionNode = FALSE
	EndGlobalSection
	GlobalSection(ExtensibilityGlobals) = postSolution
		SolutionGuid = {BBC99652-956A-4C2B-866D-59AAFA928E5C}
	EndGlobalSection
EndGlobal
